
Microsoft Visual Studio Solution File, Format Version 12.00
# Visual Studio Version 16
VisualStudioVersion = 16.0.30503.244
MinimumVisualStudioVersion = 10.0.40219.1
Project("{FAE04EC0-301F-11D3-BF4B-00C04F79EFBC}") = "MyPictureViewer", "MyPictureViewer\MyPictureViewer.csproj", "{B15964BA-255F-4329-B3E3-9664F94408B9}"
EndProject
Global
	GlobalSection(SolutionConfigurationPlatforms) = preSolution
		Debug|Any CPU = Debug|Any CPU
		Release|Any CPU = Release|Any CPU
	EndGlobalSection
	GlobalSection(ProjectConfigurationPlatforms) = postSolution
		{B15964BA-255F-4329-B3E3-9664F94408B9}.Debug|Any CPU.ActiveCfg = Debug|Any CPU
		{B15964BA-255F-4329-B3E3-9664F94408B9}.Debug|Any CPU.Build.0 = Debug|Any CPU
		{B15964BA-255F-4329-B3E3-9664F94408B9}.Release|Any CPU.ActiveCfg = Release|Any CPU
		{B15964BA-255F-4329-B3E3-9664F94408B9}.Release|Any CPU.Build.0 = Release|Any CPU
	EndGlobalSection
	GlobalSection(SolutionProperties) = preSolution
		HideSolutionNode = FALSE
	EndGlobalSection
	GlobalSection(ExtensibilityGlobals) = postSolution
		SolutionGuid = {389284DB-2CF2-47C1-871B-1C401EFD1853}
	EndGlobalSection
EndGlobal
